
Microsoft Visual Studio Solution File, Format Version 12.00
# Visual Studio Version 17
VisualStudioVersion = 17.1.32210.238
MinimumVisualStudioVersion = 10.0.40219.1
Project("{FAE04EC0-301F-11D3-BF4B-00C04F79EFBC}") = "DataAccess", "DataAccess\DataAccess.csproj", "{60C18B82-8E6F-4805-AC35-89C087DBE2BF}"
EndProject
Project("{FAE04EC0-301F-11D3-BF4B-00C04F79EFBC}") = "Business", "Business\Business.csproj", "{5053CEAD-1B23-4151-88C8-71870E86AD6B}"
EndProject
Project("{FAE04EC0-301F-11D3-BF4B-00C04F79EFBC}") = "Entities", "Entities\Entities.csproj", "{EDA27F23-6C1B-4B98-AFBB-25DDAB142BD8}"
EndProject
Project("{FAE04EC0-301F-11D3-BF4B-00C04F79EFBC}") = "ConsoleUI", "ConsoleUI\ConsoleUI.csproj", "{C08F65B2-3094-4E3E-ADDA-FB1DE32BDCE3}"
EndProject
Global
	GlobalSection(SolutionConfigurationPlatforms) = preSolution
		Debug|Any CPU = Debug|Any CPU
		Release|Any CPU = Release|Any CPU
	EndGlobalSection
	GlobalSection(ProjectConfigurationPlatforms) = postSolution
		{60C18B82-8E6F-4805-AC35-89C087DBE2BF}.Debug|Any CPU.ActiveCfg = Debug|Any CPU
		{60C18B82-8E6F-4805-AC35-89C087DBE2BF}.Debug|Any CPU.Build.0 = Debug|Any CPU
		{60C18B82-8E6F-4805-AC35-89C087DBE2BF}.Release|Any CPU.ActiveCfg = Release|Any CPU
		{60C18B82-8E6F-4805-AC35-89C087DBE2BF}.Release|Any CPU.Build.0 = Release|Any CPU
		{5053CEAD-1B23-4151-88C8-71870E86AD6B}.Debug|Any CPU.ActiveCfg = Debug|Any CPU
		{5053CEAD-1B23-4151-88C8-71870E86AD6B}.Debug|Any CPU.Build.0 = Debug|Any CPU
		{5053CEAD-1B23-4151-88C8-71870E86AD6B}.Release|Any CPU.ActiveCfg = Release|Any CPU
		{5053CEAD-1B23-4151-88C8-71870E86AD6B}.Release|Any CPU.Build.0 = Release|Any CPU
		{EDA27F23-6C1B-4B98-AFBB-25DDAB142BD8}.Debug|Any CPU.ActiveCfg = Debug|Any CPU
		{EDA27F23-6C1B-4B98-AFBB-25DDAB142BD8}.Debug|Any CPU.Build.0 = Debug|Any CPU
		{EDA27F23-6C1B-4B98-AFBB-25DDAB142BD8}.Release|Any CPU.ActiveCfg = Release|Any CPU
		{EDA27F23-6C1B-4B98-AFBB-25DDAB142BD8}.Release|Any CPU.Build.0 = Release|Any CPU
		{C08F65B2-3094-4E3E-ADDA-FB1DE32BDCE3}.Debug|Any CPU.ActiveCfg = Debug|Any CPU
		{C08F65B2-3094-4E3E-ADDA-FB1DE32BDCE3}.Debug|Any CPU.Build.0 = Debug|Any CPU
		{C08F65B2-3094-4E3E-ADDA-FB1DE32BDCE3}.Release|Any CPU.ActiveCfg = Release|Any CPU
		{C08F65B2-3094-4E3E-ADDA-FB1DE32BDCE3}.Release|Any CPU.Build.0 = Release|Any CPU
	EndGlobalSection
	GlobalSection(SolutionProperties) = preSolution
		HideSolutionNode = FALSE
	EndGlobalSection
	GlobalSection(ExtensibilityGlobals) = postSolution
		SolutionGuid = {F57BFD68-74C4-4D45-A9CC-A89ED44176F8}
	EndGlobalSection
EndGlobal
